github.com/deepch/vdk v0.0.27 h1:j/SHaTiZhA47wRpaue8NRp7P9xwOOO/lunxrDJBwcao=
github.com/deepch/vdk v0.0.27/go.mod h1:JlgGyR2ld6+xOIHa7XAxJh+stSDBAkdNvIPkUIdIywk=
github.com/google/uuid v1.3.0 h1:t6JiXgmwXMjEs8VusXIJk2BXHsn+wx8BZdTaoZ5fu7I=
github.com/google/uuid v1.3.0/go.mod h1:TIyPZe4MgqvfeYDBFedMoGGpEw/LqOeaOT+nhxU+yHo=
